// !$*UTF8*$!
{
	archiveVersion = 1;
	classes = {
	};
	objectVersion = 77;
	objects = {

/* Begin PBXContainerItemProxy section */
		316D7C792F0766BC0049D741 /* PBXContainerItemProxy */ = {
			isa = PBXContainerItemProxy;
			containerPortal = 316D7C632F0766BB0049D741 /* Project object */;
			proxyType = 1;
			remoteGlobalIDString = 316D7C6A2F0766BB0049D741;
			remoteInfo = SnapMemoriesSaver;
		};
		316D7C832F0766BD0049D741 /* PBXContainerItemProxy */ = {
			isa = PBXContainerItemProxy;
			containerPortal = 316D7C632F0766BB0049D741 /* Project object */;
			proxyType = 1;
			remoteGlobalIDString = 316D7C6A2F0766BB0049D741;
			remoteInfo = SnapMemoriesSaver;
		};
/* End PBXContainerItemProxy section */

/* Begin PBXFileReference section */
		316D7C6B2F0766BB0049D741 /* SnapMemoriesSaver.app */ = {isa = PBXFileReference; explicitFileType = wrapper.application; includeInIndex = 0; path = SnapMemoriesSaver.app; sourceTree = BUILT_PRODUCTS_DIR; };
		316D7C782F0766BC0049D741 /* SnapMemoriesSaverTests.xctest */ = {isa = PBXFileReference; explicitFileType = wrapper.cfbundle; includeInIndex = 0; path = SnapMemoriesSaverTests.xctest; sourceTree = BUILT_PRODUCTS_DIR; };
		316D7C822F0766BD0049D741 /* SnapMemoriesSaverUITests.xctest */ = {isa = PBXFileReference; explicitFileType = wrapper.cfbundle; includeInIndex = 0; path = SnapMemoriesSaverUITests.xctest; sourceTree = BUILT_PRODUCTS_DIR; };
/* End PBXFileReference section */

/* Begin PBXFileSystemSynchronizedRootGroup section */
		316D7C6D2F0766BB0049D741 /* SnapMemoriesSaver */ = {
			isa = PBXFileSystemSynchronizedRootGroup;
			path = SnapMemoriesSaver;
			sourceTree = "<group>";
		};
		316D7C7B2F0766BC0049D741 /* SnapMemoriesSaverTests */ = {
			isa = PBXFileSystemSynchronizedRootGroup;
			path = SnapMemoriesSaverTests;
			sourceTree = "<group>";
		};
		316D7C852F0766BD0049D741 /* SnapMemoriesSaverUITests */ = {
			isa = PBXFileSystemSynchronizedRootGroup;
			path = SnapMemoriesSaverUITests;
			sourceTree = "<group>";
		};
/* End PBXFileSystemSynchronizedRootGroup section */

/* Begin PBXFrameworksBuildPhase section */
		316D7C682F0766BB0049D741 /* Frameworks */ = {
			isa = PBXFrameworksBuildPhase;
			buildActionMask = 2147483647;
			files = (
			);
			runOnlyForDeploymentPostprocessing = 0;
		};
		316D7C752F0766BC0049D741 /* Frameworks */ = {
			isa = PBXFrameworksBuildPhase;
			buildActionMask = 2147483647;
			files = (
			);
			runOnlyForDeploymentPostprocessing = 0;
		};
		316D7C7F2F0766BD0049D741 /* Frameworks */ = {
			isa = PBXFrameworksBuildPhase;
			buildActionMask = 2147483647;
			files = (
			);
			runOnlyForDeploymentPostprocessing = 0;
		};
/* End PBXFrameworksBuildPhase section */

/* Begin PBXGroup section */
		316D7C622F0766BB0049D741 = {
			isa = PBXGroup;
			children = (
				316D7C6D2F0766BB0049D741 /* SnapMemoriesSaver */,
				316D7C7B2F0766BC0049D741 /* SnapMemoriesSaverTests */,
				316D7C852F0766BD0049D741 /* SnapMemoriesSaverUITests */,
				316D7C6C2F0766BB0049D741 /* Products */,
			);
			sourceTree = "<group>";
		};
		316D7C6C2F0766BB0049D741 /* Products */ = {
			isa = PBXGroup;
			children = (
				316D7C6B2F0766BB0049D741 /* SnapMemoriesSaver.app */,
				316D7C782F0766BC0049D741 /* SnapMemoriesSaverTests.xctest */,
				316D7C822F0766BD0049D741 /* SnapMemoriesSaverUITests.xctest */,
			);
			name = Products;
			sourceTree = "<group>";
		};
/* End PBXGroup section */

/* Begin PBXNativeTarget section */
		316D7C6A2F0766BB0049D741 /* SnapMemoriesSaver */ = {
			isa = PBXNativeTarget;
			buildConfigurationList = 316D7C8C2F0766BD0049D741 /* Build configuration list for PBXNativeTarget "SnapMemoriesSaver" */;
			buildPhases = (
				316D7C672F0766BB0049D741 /* Sources */,
				316D7C682F0766BB0049D741 /* Frameworks */,
				316D7C692F0766BB0049D741 /* Resources */,
			);
			buildRules = (
			);
			dependencies = (
			);
			fileSystemSynchronizedGroups = (
				316D7C6D2F0766BB0049D741 /* SnapMemoriesSaver */,
			);
			name = SnapMemoriesSaver;
			packageProductDependencies = (
			);
			productName = SnapMemoriesSaver;
			productReference = 316D7C6B2F0766BB0049D741 /* SnapMemoriesSaver.app */;
			productType = "com.apple.product-type.application";
		};
		316D7C772F0766BC0049D741 /* SnapMemoriesSaverTests */ = {
			isa = PBXNativeTarget;
			buildConfigurationList = 316D7C8F2F0766BD0049D741 /* Build configuration list for PBXNativeTarget "SnapMemoriesSaverTests" */;
			buildPhases = (
				316D7C742F0766BC0049D741 /* Sources */,
				316D7C752F0766BC0049D741 /* Frameworks */,
				316D7C762F0766BC0049D741 /* Resources */,
			);
			buildRules = (
			);
			dependencies = (
				316D7C7A2F0766BC0049D741 /* PBXTargetDependency */,
			);
			fileSystemSynchronizedGroups = (
				316D7C7B2F0766BC0049D741 /* SnapMemoriesSaverTests */,
			);
			name = SnapMemoriesSaverTests;
			packageProductDependencies = (
			);
			productName = SnapMemoriesSaverTests;
			productReference = 316D7C782F0766BC0049D741 /* SnapMemoriesSaverTests.xctest */;
			productType = "com.apple.product-type.bundle.unit-test";
		};
		316D7C812F0766BD0049D741 /* SnapMemoriesSaverUITests */ = {
			isa = PBXNativeTarget;
			buildConfigurationList = 316D7C922F0766BD0049D741 /* Build configuration list for PBXNativeTarget "SnapMemoriesSaverUITests" */;
			buildPhases = (
				316D7C7E2F0766BD0049D741 /* Sources */,
				316D7C7F2F0766BD0049D741 /* Frameworks */,
				316D7C802F0766BD0049D741 /* Resources */,
			);
			buildRules = (
			);
			dependencies = (
				316D7C842F0766BD0049D741 /* PBXTargetDependency */,
			);
			fileSystemSynchronizedGroups = (
				316D7C852F0766BD0049D741 /* SnapMemoriesSaverUITests */,
			);
			name = SnapMemoriesSaverUITests;
			packageProductDependencies = (
			);
			productName = SnapMemoriesSaverUITests;
			productReference = 316D7C822F0766BD0049D741 /* SnapMemoriesSaverUITests.xctest */;
			productType = "com.apple.product-type.bundle.ui-testing";
		};
/* End PBXNativeTarget section */

/* Begin PBXProject section */
		316D7C632F0766BB0049D741 /* Project object */ = {
			isa = PBXProject;
			attributes = {
				BuildIndependentTargetsInParallel = 1;
				LastSwiftUpdateCheck = 1640;
				LastUpgradeCheck = 1640;
				TargetAttributes = {
					316D7C6A2F0766BB0049D741 = {
						CreatedOnToolsVersion = 16.4;
					};
					316D7C772F0766BC0049D741 = {
						CreatedOnToolsVersion = 16.4;
						TestTargetID = 316D7C6A2F0766BB0049D741;
					};
					316D7C812F0766BD0049D741 = {
						CreatedOnToolsVersion = 16.4;
						TestTargetID = 316D7C6A2F0766BB0049D741;
					};
				};
			};
			buildConfigurationList = 316D7C662F0766BB0049D741 /* Build configuration list for PBXProject "SnapMemoriesSaver" */;
			developmentRegion = en;
			hasScannedForEncodings = 0;
			knownRegions = (
				en,
				Base,
			);
			mainGroup = 316D7C622F0766BB0049D741;
			minimizedProjectReferenceProxies = 1;
			preferredProjectObjectVersion = 77;
			productRefGroup = 316D7C6C2F0766BB0049D741 /* Products */;
			projectDirPath = "";
			projectRoot = "";
			targets = (
				316D7C6A2F0766BB0049D741 /* SnapMemoriesSaver */,
				316D7C772F0766BC0049D741 /* SnapMemoriesSaverTests */,
				316D7C812F0766BD0049D741 /* SnapMemoriesSaverUITests */,
			);
		};
/* End PBXProject section */

/* Begin PBXResourcesBuildPhase section */
		316D7C692F0766BB0049D741 /* Resources */ = {
			isa = PBXResourcesBuildPhase;
			buildActionMask = 2147483647;
			files = (
			);
			runOnlyForDeploymentPostprocessing = 0;
		};
		316D7C762F0766BC0049D741 /* Resources */ = {
			isa = PBXResourcesBuildPhase;
			buildActionMask = 2147483647;
			files = (
			);
			runOnlyForDeploymentPostprocessing = 0;
		};
		316D7C802F0766BD0049D741 /* Resources */ = {
			isa = PBXResourcesBuildPhase;
			buildActionMask = 2147483647;
			files = (
			);
			runOnlyForDeploymentPostprocessing = 0;
		};
/* End PBXResourcesBuildPhase section */

/* Begin PBXSourcesBuildPhase section */
		316D7C672F0766BB0049D741 /* Sources */ = {
			isa = PBXSourcesBuildPhase;
			buildActionMask = 2147483647;
			files = (
			);
			runOnlyForDeploymentPostprocessing = 0;
		};
		316D7C742F0766BC0049D741 /* Sources */ = {
			isa = PBXSourcesBuildPhase;
			buildActionMask = 2147483647;
			files = (
			);
			runOnlyForDeploymentPostprocessing = 0;
		};
		316D7C7E2F0766BD0049D741 /* Sources */ = {
			isa = PBXSourcesBuildPhase;
			buildActionMask = 2147483647;
			files = (
			);
			runOnlyForDeploymentPostprocessing = 0;
		};
/* End PBXSourcesBuildPhase section */

/* Begin PBXTargetDependency section */
		316D7C7A2F0766BC0049D741 /* PBXTargetDependency */ = {
			isa = PBXTargetDependency;
			target = 316D7C6A2F0766BB0049D741 /* SnapMemoriesSaver */;
			targetProxy = 316D7C792F0766BC0049D741 /* PBXContainerItemProxy */;
		};
		316D7C842F0766BD0049D741 /* PBXTargetDependency */ = {
			isa = PBXTargetDependency;
			target = 316D7C6A2F0766BB0049D741 /* SnapMemoriesSaver */;
			targetProxy = 316D7C832F0766BD0049D741 /* PBXContainerItemProxy */;
		};
/* End PBXTargetDependency section */

/* Begin XCBuildConfiguration section */
		316D7C8A2F0766BD0049D741 /* Debug */ = {
			isa = XCBuildConfiguration;
			buildSettings = {
				ALWAYS_SEARCH_USER_PATHS = NO;
				ASSETCATALOG_COMPILER_GENERATE_SWIFT_ASSET_SYMBOL_EXTENSIONS = YES;
				CLANG_ANALYZER_NONNULL = YES;
				CLANG_ANALYZER_NUMBER_OBJECT_CONVERSION = YES_AGGRESSIVE;
				CLANG_CXX_LANGUAGE_STANDARD = "gnu++20";
				CLANG_ENABLE_MODULES = YES;
				CLANG_ENABLE_OBJC_ARC = YES;
				CLANG_ENABLE_OBJC_WEAK = YES;
				CLANG_WARN_BLOCK_CAPTURE_AUTORELEASING = YES;
				CLANG_WARN_BOOL_CONVERSION = YES;
				CLANG_WARN_COMMA = YES;
				CLANG_WARN_CONSTANT_CONVERSION = YES;
				CLANG_WARN_DEPRECATED_OBJC_IMPLEMENTATIONS = YES;
				CLANG_WARN_DIRECT_OBJC_ISA_USAGE = YES_ERROR;
				CLANG_WARN_DOCUMENTATION_COMMENTS = YES;
				CLANG_WARN_EMPTY_BODY = YES;
				CLANG_WARN_ENUM_CONVERSION = YES;
				CLANG_WARN_INFINITE_RECURSION = YES;
				CLANG_WARN_INT_CONVERSION = YES;
				CLANG_WARN_NON_LITERAL_NULL_CONVERSION = YES;
				CLANG_WARN_OBJC_IMPLICIT_RETAIN_SELF = YES;
				CLANG_WARN_OBJC_LITERAL_CONVERSION = YES;
				CLANG_WARN_OBJC_ROOT_CLASS = YES_ERROR;
				CLANG_WARN_QUOTED_INCLUDE_IN_FRAMEWORK_HEADER = YES;
				CLANG_WARN_RANGE_LOOP_ANALYSIS = YES;
				CLANG_WARN_STRICT_PROTOTYPES = YES;
				CLANG_WARN_SUSPICIOUS_MOVE = YES;
				CLANG_WARN_UNGUARDED_AVAILABILITY = YES_AGGRESSIVE;
				CLANG_WARN_UNREACHABLE_CODE = YES;
				CLANG_WARN__DUPLICATE_METHOD_MATCH = YES;
				COPY_PHASE_STRIP = NO;
				DEBUG_INFORMATION_FORMAT = dwarf;
				DEVELOPMENT_TEAM = UKY862SD5D;
				ENABLE_STRICT_OBJC_MSGSEND = YES;
				ENABLE_TESTABILITY = YES;
				ENABLE_USER_SCRIPT_SANDBOXING = YES;
				GCC_C_LANGUAGE_STANDARD = gnu17;
				GCC_DYNAMIC_NO_PIC = NO;
				GCC_NO_COMMON_BLOCKS = YES;
				GCC_OPTIMIZATION_LEVEL = 0;
				GCC_PREPROCESSOR_DEFINITIONS = (
					"DEBUG=1",
					"$(inherited)",
				);
				GCC_WARN_64_TO_32_BIT_CONVERSION = YES;
				GCC_WARN_ABOUT_RETURN_TYPE = YES_ERROR;
				GCC_WARN_UNDECLARED_SELECTOR = YES;
				GCC_WARN_UNINITIALIZED_AUTOS = YES_AGGRESSIVE;
				GCC_WARN_UNUSED_FUNCTION = YES;
				GCC_WARN_UNUSED_VARIABLE = YES;
				IPHONEOS_DEPLOYMENT_TARGET = 18.5;
				LOCALIZATION_PREFERS_STRING_CATALOGS = YES;
				MTL_ENABLE_DEBUG_INFO = INCLUDE_SOURCE;
				MTL_FAST_MATH = YES;
				ONLY_ACTIVE_ARCH = YES;
				SDKROOT = iphoneos;
				SWIFT_ACTIVE_COMPILATION_CONDITIONS = "DEBUG $(inherited)";
				SWIFT_OPTIMIZATION_LEVEL = "-Onone";
			};
			name = Debug;
		};
		316D7C8B2F0766BD0049D741 /* Release */ = {
			isa = XCBuildConfiguration;
			buildSettings = {
				ALWAYS_SEARCH_USER_PATHS = NO;
				ASSETCATALOG_COMPILER_GENERATE_SWIFT_ASSET_SYMBOL_EXTENSIONS = YES;
				CLANG_ANALYZER_NONNULL = YES;
				CLANG_ANALYZER_NUMBER_OBJECT_CONVERSION = YES_AGGRESSIVE;
				CLANG_CXX_LANGUAGE_STANDARD = "gnu++20";
				CLANG_ENABLE_MODULES = YES;
				CLANG_ENABLE_OBJC_ARC = YES;
				CLANG_ENABLE_OBJC_WEAK = YES;
				CLANG_WARN_BLOCK_CAPTURE_AUTORELEASING = YES;
				CLANG_WARN_BOOL_CONVERSION = YES;
				CLANG_WARN_COMMA = YES;
				CLANG_WARN_CONSTANT_CONVERSION = YES;
				CLANG_WARN_DEPRECATED_OBJC_IMPLEMENTATIONS = YES;
				CLANG_WARN_DIRECT_OBJC_ISA_USAGE = YES_ERROR;
				CLANG_WARN_DOCUMENTATION_COMMENTS = YES;
				CLANG_WARN_EMPTY_BODY = YES;
				CLANG_WARN_ENUM_CONVERSION = YES;
				CLANG_WARN_INFINITE_RECURSION = YES;
				CLANG_WARN_INT_CONVERSION = YES;
				CLANG_WARN_NON_LITERAL_NULL_CONVERSION = YES;
				CLANG_WARN_OBJC_IMPLICIT_RETAIN_SELF = YES;
				CLANG_WARN_OBJC_LITERAL_CONVERSION = YES;
				CLANG_WARN_OBJC_ROOT_CLASS = YES_ERROR;
				CLANG_WARN_QUOTED_INCLUDE_IN_FRAMEWORK_HEADER = YES;
				CLANG_WARN_RANGE_LOOP_ANALYSIS = YES;
				CLANG_WARN_STRICT_PROTOTYPES = YES;
				CLANG_WARN_SUSPICIOUS_MOVE = YES;
				CLANG_WARN_UNGUARDED_AVAILABILITY = YES_AGGRESSIVE;
				CLANG_WARN_UNREACHABLE_CODE = YES;
				CLANG_WARN__DUPLICATE_METHOD_MATCH = YES;
				COPY_PHASE_STRIP = NO;
				DEBUG_INFORMATION_FORMAT = "dwarf-with-dsym";
				DEVELOPMENT_TEAM = UKY862SD5D;
				ENABLE_NS_ASSERTIONS = NO;
				ENABLE_STRICT_OBJC_MSGSEND = YES;
				ENABLE_USER_SCRIPT_SANDBOXING = YES;
				GCC_C_LANGUAGE_STANDARD = gnu17;
				GCC_NO_COMMON_BLOCKS = YES;
				GCC_WARN_64_TO_32_BIT_CONVERSION = YES;
				GCC_WARN_ABOUT_RETURN_TYPE = YES_ERROR;
				GCC_WARN_UNDECLARED_SELECTOR = YES;
				GCC_WARN_UNINITIALIZED_AUTOS = YES_AGGRESSIVE;
				GCC_WARN_UNUSED_FUNCTION = YES;
				GCC_WARN_UNUSED_VARIABLE = YES;
				IPHONEOS_DEPLOYMENT_TARGET = 18.5;
				LOCALIZATION_PREFERS_STRING_CATALOGS = YES;
				MTL_ENABLE_DEBUG_INFO = NO;
				MTL_FAST_MATH = YES;
				SDKROOT = iphoneos;
				SWIFT_COMPILATION_MODE = wholemodule;
				VALIDATE_PRODUCT = YES;
			};
			name = Release;
		};
		316D7C8D2F0766BD0049D741 /* Debug */ = {
			isa = XCBuildConfiguration;
			buildSettings = {
				ASSETCATALOG_COMPILER_APPICON_NAME = AppIcon;
				ASSETCATALOG_COMPILER_GLOBAL_ACCENT_COLOR_NAME = AccentColor;
				CODE_SIGN_STYLE = Automatic;
				CURRENT_PROJECT_VERSION = 1;
				DEVELOPMENT_TEAM = UKY862SD5D;
				ENABLE_PREVIEWS = YES;
				GENERATE_INFOPLIST_FILE = YES;
				INFOPLIST_KEY_UIApplicationSceneManifest_Generation = YES;
				INFOPLIST_KEY_UIApplicationSupportsIndirectInputEvents = YES;
				INFOPLIST_KEY_UILaunchScreen_Generation = YES;
				INFOPLIST_KEY_UISupportedInterfaceOrientations_iPad = "UIInterfaceOrientationPortrait UIInterfaceOrientationPortraitUpsideDown UIInterfaceOrientationLandscapeLeft UIInterfaceOrientationLandscapeRight";
				INFOPLIST_KEY_UISupportedInterfaceOrientations_iPhone = "UIInterfaceOrientationPortrait UIInterfaceOrientationLandscapeLeft UIInterfaceOrientationLandscapeRight";
				LD_RUNPATH_SEARCH_PATHS = (
					"$(inherited)",
					"@executable_path/Frameworks",
				);
				MARKETING_VERSION = 1.0;
				PRODUCT_BUNDLE_IDENTIFIER = twitter.nowesr1.SnapMemoriesSaver;
				PRODUCT_NAME = "$(TARGET_NAME)";
				SWIFT_EMIT_LOC_STRINGS = YES;
				SWIFT_VERSION = 5.0;
				TARGETED_DEVICE_FAMILY = "1,2";
			};
			name = Debug;
		};
		316D7C8E2F0766BD0049D741 /* Release */ = {
			isa = XCBuildConfiguration;
			buildSettings = {
				ASSETCATALOG_COMPILER_APPICON_NAME = AppIcon;
				ASSETCATALOG_COMPILER_GLOBAL_ACCENT_COLOR_NAME = AccentColor;
				CODE_SIGN_STYLE = Automatic;
				CURRENT_PROJECT_VERSION = 1;
				DEVELOPMENT_TEAM = UKY862SD5D;
				ENABLE_PREVIEWS = YES;
				GENERATE_INFOPLIST_FILE = YES;
				INFOPLIST_KEY_UIApplicationSceneManifest_Generation = YES;
				INFOPLIST_KEY_UIApplicationSupportsIndirectInputEvents = YES;
				INFOPLIST_KEY_UILaunchScreen_Generation = YES;
				INFOPLIST_KEY_UISupportedInterfaceOrientations_iPad = "UIInterfaceOrientationPortrait UIInterfaceOrientationPortraitUpsideDown UIInterfaceOrientationLandscapeLeft UIInterfaceOrientationLandscapeRight";
				INFOPLIST_KEY_UISupportedInterfaceOrientations_iPhone = "UIInterfaceOrientationPortrait UIInterfaceOrientationLandscapeLeft UIInterfaceOrientationLandscapeRight";
				LD_RUNPATH_SEARCH_PATHS = (
					"$(inherited)",
					"@executable_path/Frameworks",
				);
				MARKETING_VERSION = 1.0;
				PRODUCT_BUNDLE_IDENTIFIER = twitter.nowesr1.SnapMemoriesSaver;
				PRODUCT_NAME = "$(TARGET_NAME)";
				SWIFT_EMIT_LOC_STRINGS = YES;
				SWIFT_VERSION = 5.0;
				TARGETED_DEVICE_FAMILY = "1,2";
			};
			name = Release;
		};
		316D7C902F0766BD0049D741 /* Debug */ = {
			isa = XCBuildConfiguration;
			buildSettings = {
				BUNDLE_LOADER = "$(TEST_HOST)";
				CODE_SIGN_STYLE = Automatic;
				CURRENT_PROJECT_VERSION = 1;
				DEVELOPMENT_TEAM = UKY862SD5D;
				GENERATE_INFOPLIST_FILE = YES;
				IPHONEOS_DEPLOYMENT_TARGET = 18.5;
				MARKETING_VERSION = 1.0;
				PRODUCT_BUNDLE_IDENTIFIER = twitter.nowesr1.SnapMemoriesSaverTests;
				PRODUCT_NAME = "$(TARGET_NAME)";
				SWIFT_EMIT_LOC_STRINGS = NO;
				SWIFT_VERSION = 5.0;
				TARGETED_DEVICE_FAMILY = "1,2";
				TEST_HOST = "$(BUILT_PRODUCTS_DIR)/SnapMemoriesSaver.app/$(BUNDLE_EXECUTABLE_FOLDER_PATH)/SnapMemoriesSaver";
			};
			name = Debug;
		};
		316D7C912F0766BD0049D741 /* Release */ = {
			isa = XCBuildConfiguration;
			buildSettings = {
				BUNDLE_LOADER = "$(TEST_HOST)";
				CODE_SIGN_STYLE = Automatic;
				CURRENT_PROJECT_VERSION = 1;
				DEVELOPMENT_TEAM = UKY862SD5D;
				GENERATE_INFOPLIST_FILE = YES;
				IPHONEOS_DEPLOYMENT_TARGET = 18.5;
				MARKETING_VERSION = 1.0;
				PRODUCT_BUNDLE_IDENTIFIER = twitter.nowesr1.SnapMemoriesSaverTests;
				PRODUCT_NAME = "$(TARGET_NAME)";
				SWIFT_EMIT_LOC_STRINGS = NO;
				SWIFT_VERSION = 5.0;
				TARGETED_DEVICE_FAMILY = "1,2";
				TEST_HOST = "$(BUILT_PRODUCTS_DIR)/SnapMemoriesSaver.app/$(BUNDLE_EXECUTABLE_FOLDER_PATH)/SnapMemoriesSaver";
			};
			name = Release;
		};
		316D7C932F0766BD0049D741 /* Debug */ = {
			isa = XCBuildConfiguration;
			buildSettings = {
				CODE_SIGN_STYLE = Automatic;
				CURRENT_PROJECT_VERSION = 1;
				DEVELOPMENT_TEAM = UKY862SD5D;
				GENERATE_INFOPLIST_FILE = YES;
				MARKETING_VERSION = 1.0;
				PRODUCT_BUNDLE_IDENTIFIER = twitter.nowesr1.SnapMemoriesSaverUITests;
				PRODUCT_NAME = "$(TARGET_NAME)";
				SWIFT_EMIT_LOC_STRINGS = NO;
				SWIFT_VERSION = 5.0;
				TARGETED_DEVICE_FAMILY = "1,2";
				TEST_TARGET_NAME = SnapMemoriesSaver;
			};
			name = Debug;
		};
		316D7C942F0766BD0049D741 /* Release */ = {
			isa = XCBuildConfiguration;
			buildSettings = {
				CODE_SIGN_STYLE = Automatic;
				CURRENT_PROJECT_VERSION = 1;
				DEVELOPMENT_TEAM = UKY862SD5D;
				GENERATE_INFOPLIST_FILE = YES;
				MARKETING_VERSION = 1.0;
				PRODUCT_BUNDLE_IDENTIFIER = twitter.nowesr1.SnapMemoriesSaverUITests;
				PRODUCT_NAME = "$(TARGET_NAME)";
				SWIFT_EMIT_LOC_STRINGS = NO;
				SWIFT_VERSION = 5.0;
				TARGETED_DEVICE_FAMILY = "1,2";
				TEST_TARGET_NAME = SnapMemoriesSaver;
			};
			name = Release;
		};
/* End XCBuildConfiguration section */

/* Begin XCConfigurationList section */
		316D7C662F0766BB0049D741 /* Build configuration list for PBXProject "SnapMemoriesSaver" */ = {
			isa = XCConfigurationList;
			buildConfigurations = (
				316D7C8A2F0766BD0049D741 /* Debug */,
				316D7C8B2F0766BD0049D741 /* Release */,
			);
			defaultConfigurationIsVisible = 0;
			defaultConfigurationName = Release;
		};
		316D7C8C2F0766BD0049D741 /* Build configuration list for PBXNativeTarget "SnapMemoriesSaver" */ = {
			isa = XCConfigurationList;
			buildConfigurations = (
				316D7C8D2F0766BD0049D741 /* Debug */,
				316D7C8E2F0766BD0049D741 /* Release */,
			);
			defaultConfigurationIsVisible = 0;
			defaultConfigurationName = Release;
		};
		316D7C8F2F0766BD0049D741 /* Build configuration list for PBXNativeTarget "SnapMemoriesSaverTests" */ = {
			isa = XCConfigurationList;
			buildConfigurations = (
				316D7C902F0766BD0049D741 /* Debug */,
				316D7C912F0766BD0049D741 /* Release */,
			);
			defaultConfigurationIsVisible = 0;
			defaultConfigurationName = Release;
		};
		316D7C922F0766BD0049D741 /* Build configuration list for PBXNativeTarget "SnapMemoriesSaverUITests" */ = {
			isa = XCConfigurationList;
			buildConfigurations = (
				316D7C932F0766BD0049D741 /* Debug */,
				316D7C942F0766BD0049D741 /* Release */,
			);
			defaultConfigurationIsVisible = 0;
			defaultConfigurationName = Release;
		};
/* End XCConfigurationList section */
	};
	rootObject = 316D7C632F0766BB0049D741 /* Project object */;
}
